
Microsoft Visual Studio Solution File, Format Version 11.00
# Visual Studio 2010
Project("{54435603-DBB4-11D2-8724-00A0C9A8B90C}") = "Accounting_Software1.0.1", "Setup4\Setup4.vdproj", "{E7A7751E-1C56-4736-B043-3C3AD6AC9766}"
EndProject
Project("{FAE04EC0-301F-11D3-BF4B-00C04F79EFBC}") = "accounting_software", "..\accounting_software\accounting_software\accounting_software.csproj", "{71C25EEC-7301-4BE5-8F70-6F9377D24CEA}"
EndProject
Global
	GlobalSection(SolutionConfigurationPlatforms) = preSolution
		Debug|x86 = Debug|x86
		Release|x86 = Release|x86
	EndGlobalSection
	GlobalSection(ProjectConfigurationPlatforms) = postSolution
		{E7A7751E-1C56-4736-B043-3C3AD6AC9766}.Debug|x86.ActiveCfg = Debug
		{E7A7751E-1C56-4736-B043-3C3AD6AC9766}.Debug|x86.Build.0 = Debug
		{E7A7751E-1C56-4736-B043-3C3AD6AC9766}.Release|x86.ActiveCfg = Release
		{E7A7751E-1C56-4736-B043-3C3AD6AC9766}.Release|x86.Build.0 = Release
		{71C25EEC-7301-4BE5-8F70-6F9377D24CEA}.Debug|x86.ActiveCfg = Debug|x86
		{71C25EEC-7301-4BE5-8F70-6F9377D24CEA}.Debug|x86.Build.0 = Debug|x86
		{71C25EEC-7301-4BE5-8F70-6F9377D24CEA}.Release|x86.ActiveCfg = Release|x86
		{71C25EEC-7301-4BE5-8F70-6F9377D24CEA}.Release|x86.Build.0 = Release|x86
	EndGlobalSection
	GlobalSection(SolutionProperties) = preSolution
		HideSolutionNode = FALSE
	EndGlobalSection
EndGlobal
